# THIS IS AN AUTOGENERATED FILE. DO NOT EDIT THIS FILE DIRECTLY.
# yarn lockfile v1


tslib@^1.8.0:
  version "1.9.0"
  resolved "http://registry.npm.taobao.org/tslib/download/tslib-1.9.0.tgz#e37a86fda8cbbaf23a057f473c9f4dc64e5fc2e8"

villa@^0.3.1:
  version "0.3.1"
  resolved "http://registry.npm.taobao.org/villa/download/villa-0.3.1.tgz#31a00b065fc2a312f1953ec86c8ac2bd4da5d5be"
  dependencies:
    tslib "^1.8.0"
